<Solution>
  <Folder Name="/SampleContract/">
    <File Path="../sample contract/Sample_Employment_Contract1.docx" />
    <File Path="../sample contract/Sample_Employment_Contract1.pdf" />
    <File Path="../sample contract/Test1_BPO_Contract_PDF.pdf" />
    <File Path="../sample contract/Test2_Clean_Contract_DOCX.docx" />
    <File Path="../sample contract/Test3_Section_Format_DOCX.docx" />
    <File Path="../sample contract/Test4_Long_Contract_PDF.pdf" />
  </Folder>
  <Folder Name="/Solution Items/">
    <File Path="README.md" />
  </Folder>
  <Project Path="ConfyAI.API/ConfyAI.API.csproj" />
  <Project Path="ConfyAI.UI/ConfyAI.UI.csproj" Id="20b2bb39-d5ec-49a7-b3ae-9d5c66adbc1b" />
</Solution>
